
Microsoft Visual Studio Solution File, Format Version 12.00
# Visual Studio Version 17
VisualStudioVersion = 17.8.34525.116
MinimumVisualStudioVersion = 10.0.40219.1
Project("{FAE04EC0-301F-11D3-BF4B-00C04F79EFBC}") = "LINQ", "LINQ\LINQ.csproj", "{8736163B-D0A2-4588-B2ED-DA3AD94A30EC}"
EndProject
Global
	GlobalSection(SolutionConfigurationPlatforms) = preSolution
		Debug|Any CPU = Debug|Any CPU
		Release|Any CPU = Release|Any CPU
	EndGlobalSection
	GlobalSection(ProjectConfigurationPlatforms) = postSolution
		{8736163B-D0A2-4588-B2ED-DA3AD94A30EC}.Debug|Any CPU.ActiveCfg = Debug|Any CPU
		{8736163B-D0A2-4588-B2ED-DA3AD94A30EC}.Debug|Any CPU.Build.0 = Debug|Any CPU
		{8736163B-D0A2-4588-B2ED-DA3AD94A30EC}.Release|Any CPU.ActiveCfg = Release|Any CPU
		{8736163B-D0A2-4588-B2ED-DA3AD94A30EC}.Release|Any CPU.Build.0 = Release|Any CPU
	EndGlobalSection
	GlobalSection(SolutionProperties) = preSolution
		HideSolutionNode = FALSE
	EndGlobalSection
	GlobalSection(ExtensibilityGlobals) = postSolution
		SolutionGuid = {D5716E27-1797-41F9-BDC8-B0A0AFCEA499}
	EndGlobalSection
EndGlobal
